{
  "nodes": {
    "aquamarine": {
      "inputs": {
        "hyprutils": [
          "hyprutils"
        ],
        "hyprwayland-scanner": [
          "hyprwayland-scanner"
        ],
        "nixpkgs": [
          "nixpkgs"
        ],
        "systems": [
          "systems"
        ]
      },
      "locked": {
        "lastModified": 1783866303,
        "narHash": "sha256-rsjZh0u/iU2sInwO7wVUBJlDpO3Ff55Zlz/To94yTGs=",
        "owner": "hyprwm",
        "repo": "aquamarine",
        "rev": "063d888352d507a61c9dc305b3f61ec90bad3c69",
        "type": "github"
      },
      "original": {
        "owner": "hyprwm",
        "repo": "aquamarine",
        "type": "github"
      }
    },
    "hyprcursor": {
      "inputs": {
        "hyprlang": [
          "hyprland",
          "hyprlang"
        ],
        "nixpkgs": [
          "hyprland",
          "nixpkgs"
        ],
        "systems": [
          "hyprland",
          "systems"
        ]
      },
      "locked": {
        "lastModified": 1776511930,
        "narHash": "sha256-fCpwFiTW0rT7oKJqr3cqHMnkwypSwQKpbtUEtxdkgrM=",
        "owner": "hyprwm",
        "repo": "hyprcursor",
        "rev": "39435900785d0c560c6ae8777d29f28617d031ef",
        "type": "github"
      },
      "original": {
        "owner": "hyprwm",
        "repo": "hyprcursor",
        "type": "github"
      }
    },
    "hyprgraphics": {
      "inputs": {
        "hyprutils": [
          "hyprutils"
        ],
        "nixpkgs": [
          "nixpkgs"
        ],
        "systems": [
          "systems"
        ]
      },
      "locked": {
        "lastModified": 1782566056,
        "narHash": "sha256-haEZcHzYrePnjFOYSWTbxm/Nrla0aPslJfmvdCvqtVc=",
        "owner": "hyprwm",
        "repo": "hyprgraphics",
        "rev": "c6e7b9f673f4360bc813d3dc75028f75ee88d3f8",
        "type": "github"
      },
      "original": {
        "owner": "hyprwm",
        "repo": "hyprgraphics",
        "type": "github"
      }
    },
    "hyprland": {
      "inputs": {
        "aquamarine": [
          "aquamarine"
        ],
        "hyprcursor": "hyprcursor",
        "hyprgraphics": [
          "hyprgraphics"
        ],
        "hyprland-guiutils": "hyprland-guiutils",
        "hyprland-protocols": "hyprland-protocols",
        "hyprlang": [
          "hyprlang"
        ],
        "hyprutils": [
          "hyprutils"
        ],
        "hyprwayland-scanner": [
          "hyprwayland-scanner"
        ],
        "hyprwire": [
          "hyprwire"
        ],
        "nixpkgs": [
          "nixpkgs"
        ],
        "pre-commit-hooks": [],
        "systems": [
          "systems"
        ],
        "xdph": "xdph"
      },
      "locked": {
        "lastModified": 1783869630,
        "narHash": "sha256-ZXtTeDR7dmKIhaUe0092nDr3ANJ6fzGO8AusLUMmNog=",
        "ref": "refs/heads/main",
        "rev": "e3ece119921261a17959e17ff38e493c9a37ad7a",
        "revCount": 7567,
        "submodules": true,
        "type": "git",
        "url": "https://github.com/hyprwm/Hyprland.git"
      },
      "original": {
        "submodules": true,
        "type": "git",
        "url": "https://github.com/hyprwm/Hyprland.git"
      }
    },
    "hyprland-guiutils": {
      "inputs": {
        "aquamarine": [
          "hyprland",
          "aquamarine"
        ],
        "hyprgraphics": [
          "hyprland",
          "hyprgraphics"
        ],
        "hyprlang": [
          "hyprland",
          "hyprlang"
        ],
        "hyprtoolkit": [
          "hyprtoolkit"
        ],
        "hyprutils": [
          "hyprland",
          "hyprutils"
        ],
        "hyprwayland-scanner": [
          "hyprland",
          "hyprwayland-scanner"
        ],
        "nixpkgs": [
          "hyprland",
          "nixpkgs"
        ],
        "systems": [
          "hyprland",
          "systems"
        ]
      },
      "locked": {
        "lastModified": 1782563850,
        "narHash": "sha256-rs/EzgrgPHbCtJjFZN4aR1HYldH/0NtGAempWVpWQTs=",
        "owner": "hyprwm",
        "repo": "hyprland-guiutils",
        "rev": "5ba080ee036c30cb2485f2647ff8a61f7aa08178",
        "type": "github"
      },
      "original": {
        "owner": "hyprwm",
        "repo": "hyprland-guiutils",
        "type": "github"
      }
    },
    "hyprland-protocols": {
      "inputs": {
        "nixpkgs": [
          "hyprland",
          "nixpkgs"
        ],
        "systems": [
          "hyprland",
          "systems"
        ]
      },
      "locked": {
        "lastModified": 1772460177,
        "narHash": "sha256-/6G/MsPvtn7bc4Y32pserBT/Z4SUUdBd4XYJpOEKVR4=",
        "owner": "hyprwm",
        "repo": "hyprland-protocols",
        "rev": "1cb6db5fd6bb8aee419f4457402fa18293ace917",
        "type": "github"
      },
      "original": {
        "owner": "hyprwm",
        "repo": "hyprland-protocols",
        "type": "github"
      }
    },
    "hyprlang": {
      "inputs": {
        "hyprutils": [
          "hyprutils"
        ],
        "nixpkgs": [
          "nixpkgs"
        ],
        "systems": [
          "systems"
        ]
      },
      "locked": {
        "lastModified": 1777320127,
        "narHash": "sha256-Qu+Wf2Bp5qUjyn2YpZNq8a7JyzTGowhT1knrwE38a9U=",
        "owner": "hyprwm",
        "repo": "hyprlang",
        "rev": "090117506ddc3d7f26e650ff344d378c2ec329cc",
        "type": "github"
      },
      "original": {
        "owner": "hyprwm",
        "repo": "hyprlang",
        "type": "github"
      }
    },
    "hyprlauncher": {
      "inputs": {
        "aquamarine": [
          "aquamarine"
        ],
        "hyprgraphics": [
          "hyprgraphics"
        ],
        "hyprlang": [
          "hyprlang"
        ],
        "hyprtoolkit": [
          "hyprtoolkit"
        ],
        "hyprutils": [
          "hyprutils"
        ],
        "hyprwayland-scanner": [
          "hyprwayland-scanner"
        ],
        "hyprwire": [
          "hyprwire"
        ],
        "nixpkgs": [
          "nixpkgs"
        ],
        "systems": [
          "systems"
        ]
      },
      "locked": {
        "lastModified": 1783103145,
        "narHash": "sha256-hSr3iX+Up1fN+om/uc1Np1zkxlXxCEE1hmfVu+ZbxLg=",
        "owner": "hyprwm",
        "repo": "hyprlauncher",
        "rev": "ffea48203dc29a809b7da13a1353a52080b20261",
        "type": "github"
      },
      "original": {
        "owner": "hyprwm",
        "repo": "hyprlauncher",
        "type": "github"
      }
    },
    "hyprtoolkit": {
      "inputs": {
        "aquamarine": [
          "aquamarine"
        ],
        "hyprgraphics": [
          "hyprgraphics"
        ],
        "hyprlang": [
          "hyprlang"
        ],
        "hyprutils": [
          "hyprutils"
        ],
        "hyprwayland-scanner": [
          "hyprwayland-scanner"
        ],
        "nixpkgs": [
          "nixpkgs"
        ],
        "systems": [
          "systems"
        ]
      },
      "locked": {
        "lastModified": 1783251381,
        "narHash": "sha256-GKvnIib7lfKh59qpl8gdSXZ/uHnpzaGcWOtKNr3sRAM=",
        "owner": "hyprwm",
        "repo": "hyprtoolkit",
        "rev": "ffb0d2baa26f4675db72b3ecafdb838a241b2291",
        "type": "github"
      },
      "original": {
        "owner": "hyprwm",
        "repo": "hyprtoolkit",
        "type": "github"
      }
    },
    "hyprutils": {
      "inputs": {
        "nixpkgs": [
          "nixpkgs"
        ],
        "systems": [
          "systems"
        ]
      },
      "locked": {
        "lastModified": 1783002634,
        "narHash": "sha256-xGqHIUK0wIZoW7SiMalwvO6uGOO/VrlQwoRobpE7dDI=",
        "owner": "hyprwm",
        "repo": "hyprutils",
        "rev": "41fb809557abd29a57151b6e1aaeabd05f9437e1",
        "type": "github"
      },
      "original": {
        "owner": "hyprwm",
        "repo": "hyprutils",
        "type": "github"
      }
    },
    "hyprwayland-scanner": {
      "inputs": {
        "nixpkgs": [
          "nixpkgs"
        ],
        "systems": [
          "systems"
        ]
      },
      "locked": {
        "lastModified": 1777159683,
        "narHash": "sha256-Jxixw6wZphUp+nHYxOKUYSckL17QMBx2d5Zp0rJHr1g=",
        "owner": "hyprwm",
        "repo": "hyprwayland-scanner",
        "rev": "b8632713a6beaf28b56f2a7b0ab2fb7088dbb404",
        "type": "github"
      },
      "original": {
        "owner": "hyprwm",
        "repo": "hyprwayland-scanner",
        "type": "github"
      }
    },
    "hyprwire": {
      "inputs": {
        "hyprutils": [
          "hyprutils"
        ],
        "nixpkgs": [
          "nixpkgs"
        ],
        "systems": [
          "systems"
        ]
      },
      "locked": {
        "lastModified": 1778410714,
        "narHash": "sha256-o6RzFj4nJXaPRY7EM01siuCQeT41RfwwmcmFQqwFJJg=",
        "owner": "hyprwm",
        "repo": "hyprwire",
        "rev": "85148a8e612808cf5ddb25d0b3c5840f3498a7dc",
        "type": "github"
      },
      "original": {
        "owner": "hyprwm",
        "repo": "hyprwire",
        "type": "github"
      }
    },
    "nixpkgs": {
      "locked": {
        "lastModified": 1783776592,
        "narHash": "sha256-+GVwKnbbSmf4cWMJyRzvw8H5yFknmkLoPD5v6snqPzo=",
        "rev": "e7a3ca8092b61ff85b6a45bf863ea2b2d6a661b3",
        "type": "tarball",
        "url": "https://releases.nixos.org/nixos/unstable/nixos-26.11pre1032869.e7a3ca8092b6/nixexprs.tar.xz"
      },
      "original": {
        "id": "nixpkgs",
        "ref": "nixos-unstable",
        "type": "indirect"
      }
    },
    "root": {
      "inputs": {
        "aquamarine": "aquamarine",
        "hyprgraphics": "hyprgraphics",
        "hyprland": "hyprland",
        "hyprlang": "hyprlang",
        "hyprlauncher": "hyprlauncher",
        "hyprtoolkit": "hyprtoolkit",
        "hyprutils": "hyprutils",
        "hyprwayland-scanner": "hyprwayland-scanner",
        "hyprwire": "hyprwire",
        "nixpkgs": "nixpkgs",
        "systems": "systems"
      }
    },
    "systems": {
      "locked": {
        "lastModified": 1681028828,
        "narHash": "sha256-Vy1rq5AaRuLzOxct8nz4T6wlgyUR7zLU309k9mBC768=",
        "owner": "nix-systems",
        "repo": "default",
        "rev": "da67096a3b9bf56a91d16901293e51ba5b49a27e",
        "type": "github"
      },
      "original": {
        "owner": "nix-systems",
        "repo": "default",
        "type": "github"
      }
    },
    "xdph": {
      "inputs": {
        "hyprland-protocols": [
          "hyprland",
          "hyprland-protocols"
        ],
        "hyprlang": [
          "hyprland",
          "hyprlang"
        ],
        "hyprutils": [
          "hyprland",
          "hyprutils"
        ],
        "hyprwayland-scanner": [
          "hyprland",
          "hyprwayland-scanner"
        ],
        "nixpkgs": [
          "hyprland",
          "nixpkgs"
        ],
        "systems": [
          "hyprland",
          "systems"
        ]
      },
      "locked": {
        "lastModified": 1782644412,
        "narHash": "sha256-/iSa/bL1QQFLv+uJ9gI0N87J8gOeZXvca7EjoPGKE6w=",
        "owner": "hyprwm",
        "repo": "xdg-desktop-portal-hyprland",
        "rev": "c01c99fc278ec68c82e9865923088f043c7c1621",
        "type": "github"
      },
      "original": {
        "owner": "hyprwm",
        "repo": "xdg-desktop-portal-hyprland",
        "type": "github"
      }
    }
  },
  "root": "root",
  "version": 7
}
